
Microsoft Visual Studio Solution File, Format Version 12.00
# Visual Studio Version 17
VisualStudioVersion = 17.10.35122.118
MinimumVisualStudioVersion = 10.0.40219.1
Project("{9A19103F-16F7-4668-BE54-9A1E7A4F7556}") = "Api", "Api\Api.csproj", "{CAA7374C-AE97-460A-B9BB-F0E07257359B}"
EndProject
Project("{9A19103F-16F7-4668-BE54-9A1E7A4F7556}") = "Contracts", "Contracts\Contracts.csproj", "{960B9A4B-B793-4016-A1E6-575A6E777205}"
EndProject
Project("{9A19103F-16F7-4668-BE54-9A1E7A4F7556}") = "Infrastructure", "Infrastructure\Infrastructure.csproj", "{4FF0BA8C-DCDF-49CC-A010-C793478DD69F}"
EndProject
Project("{9A19103F-16F7-4668-BE54-9A1E7A4F7556}") = "Domain", "Domain\Domain.csproj", "{61B83821-5265-444E-9E0E-EAB204F4598B}"
EndProject
Project("{9A19103F-16F7-4668-BE54-9A1E7A4F7556}") = "Application", "Application\Application.csproj", "{4B583DBD-ACD9-4FBF-B87C-A7D8C6AACBDE}"
EndProject
Global
	GlobalSection(SolutionConfigurationPlatforms) = preSolution
		Debug|Any CPU = Debug|Any CPU
		Release|Any CPU = Release|Any CPU
	EndGlobalSection
	GlobalSection(ProjectConfigurationPlatforms) = postSolution
		{CAA7374C-AE97-460A-B9BB-F0E07257359B}.Debug|Any CPU.ActiveCfg = Debug|Any CPU
		{CAA7374C-AE97-460A-B9BB-F0E07257359B}.Debug|Any CPU.Build.0 = Debug|Any CPU
		{CAA7374C-AE97-460A-B9BB-F0E07257359B}.Release|Any CPU.ActiveCfg = Release|Any CPU
		{CAA7374C-AE97-460A-B9BB-F0E07257359B}.Release|Any CPU.Build.0 = Release|Any CPU
		{960B9A4B-B793-4016-A1E6-575A6E777205}.Debug|Any CPU.ActiveCfg = Debug|Any CPU
		{960B9A4B-B793-4016-A1E6-575A6E777205}.Debug|Any CPU.Build.0 = Debug|Any CPU
		{960B9A4B-B793-4016-A1E6-575A6E777205}.Release|Any CPU.ActiveCfg = Release|Any CPU
		{960B9A4B-B793-4016-A1E6-575A6E777205}.Release|Any CPU.Build.0 = Release|Any CPU
		{4FF0BA8C-DCDF-49CC-A010-C793478DD69F}.Debug|Any CPU.ActiveCfg = Debug|Any CPU
		{4FF0BA8C-DCDF-49CC-A010-C793478DD69F}.Debug|Any CPU.Build.0 = Debug|Any CPU
		{4FF0BA8C-DCDF-49CC-A010-C793478DD69F}.Release|Any CPU.ActiveCfg = Release|Any CPU
		{4FF0BA8C-DCDF-49CC-A010-C793478DD69F}.Release|Any CPU.Build.0 = Release|Any CPU
		{61B83821-5265-444E-9E0E-EAB204F4598B}.Debug|Any CPU.ActiveCfg = Debug|Any CPU
		{61B83821-5265-444E-9E0E-EAB204F4598B}.Debug|Any CPU.Build.0 = Debug|Any CPU
		{61B83821-5265-444E-9E0E-EAB204F4598B}.Release|Any CPU.ActiveCfg = Release|Any CPU
		{61B83821-5265-444E-9E0E-EAB204F4598B}.Release|Any CPU.Build.0 = Release|Any CPU
		{4B583DBD-ACD9-4FBF-B87C-A7D8C6AACBDE}.Debug|Any CPU.ActiveCfg = Debug|Any CPU
		{4B583DBD-ACD9-4FBF-B87C-A7D8C6AACBDE}.Debug|Any CPU.Build.0 = Debug|Any CPU
		{4B583DBD-ACD9-4FBF-B87C-A7D8C6AACBDE}.Release|Any CPU.ActiveCfg = Release|Any CPU
		{4B583DBD-ACD9-4FBF-B87C-A7D8C6AACBDE}.Release|Any CPU.Build.0 = Release|Any CPU
	EndGlobalSection
	GlobalSection(SolutionProperties) = preSolution
		HideSolutionNode = FALSE
	EndGlobalSection
	GlobalSection(ExtensibilityGlobals) = postSolution
		SolutionGuid = {CB525016-3474-4261-BAD2-32C9E104869E}
	EndGlobalSection
EndGlobal
